{
  "name": "0.21.0",
  "version": "1.0.0",
  "lockfileVersion": 3,
  "requires": true,
  "packages": {
    "": {
      "name": "0.21.0",
      "version": "1.0.0",
      "license": "ISC",
      "dependencies": {
        "@swirly/parser": "^0.21.0",
        "@swirly/renderer-node": "^0.21.0"
      }
    },
    "node_modules/@swirly/parser": {
      "version": "0.21.0",
      "resolved": "https://registry.npmjs.org/@swirly/parser/-/parser-0.21.0.tgz",
      "integrity": "sha512-258BPrxF9MycuRIimQuK2x7GTnZmsZdZHKG5OxmQZex0t2V6Fo7wBFfygDWhJOUAnEBrWj1dJivA+z8lsosO0g==",
      "license": "MIT",
      "dependencies": {
        "@swirly/parser-rxjs": "^0.21.0"
      },
      "engines": {
        "node": ">=14.13.1"
      },
      "funding": {
        "type": "github",
        "url": "https://github.com/sponsors/timdp"
      }
    },
    "node_modules/@swirly/parser-rxjs": {
      "version": "0.21.0",
      "resolved": "https://registry.npmjs.org/@swirly/parser-rxjs/-/parser-rxjs-0.21.0.tgz",
      "integrity": "sha512-3TPtjQMXFPtc8l1/irAqhAkak7orng4YmRIdyzLpTq6zOKIygAjISh3iKBBTQoGPD8o6uEIvGTd9AJb06gI/NQ==",
      "license": "MIT",
      "engines": {
        "node": ">=14.13.1"
      },
      "funding": {
        "type": "github",
        "url": "https://github.com/sponsors/timdp"
      }
    },
    "node_modules/@swirly/renderer": {
      "version": "0.21.0",
      "resolved": "https://registry.npmjs.org/@swirly/renderer/-/renderer-0.21.0.tgz",
      "integrity": "sha512-piWK3nqik8uRrBF3OOFsK7FBQr8+pxMU7GOfNyXj98/MMogqHM8bl1hccR258UtVFhlmSRK+M0AUdZCbeiXemg==",
      "license": "MIT",
      "dependencies": {
        "@swirly/theme-default-light": "^0.21.0",
        "simple-sha1": "^3.1.0"
      },
      "engines": {
        "node": ">=14.13.1"
      },
      "funding": {
        "type": "github",
        "url": "https://github.com/sponsors/timdp"
      }
    },
    "node_modules/@swirly/renderer-node": {
      "version": "0.21.0",
      "resolved": "https://registry.npmjs.org/@swirly/renderer-node/-/renderer-node-0.21.0.tgz",
      "integrity": "sha512-hvV/2l7JEbc46jKjRbMaZ2U0nh7obYNIefyGJSJvUeTMI8xNFvB+m+vfSPmWYD0+KmoZ9S6Hy9bWLUpusESCgA==",
      "license": "MIT",
      "dependencies": {
        "@swirly/renderer": "^0.21.0",
        "@xmldom/xmldom": "^0.8.2"
      },
      "engines": {
        "node": ">=14.13.1"
      },
      "funding": {
        "type": "github",
        "url": "https://github.com/sponsors/timdp"
      }
    },
    "node_modules/@swirly/theme-default-base": {
      "version": "0.21.0",
      "resolved": "https://registry.npmjs.org/@swirly/theme-default-base/-/theme-default-base-0.21.0.tgz",
      "integrity": "sha512-jW6wkwnUZMaU1PuhWEzvHkX9rezpe33xUvVqen9dvLM9FJimaZljfHdjYFhiTJJZ/V6a0inCDBJbWS3OfHHV+g==",
      "license": "MIT",
      "engines": {
        "node": ">=14.13.1"
      },
      "funding": {
        "type": "github",
        "url": "https://github.com/sponsors/timdp"
      }
    },
    "node_modules/@swirly/theme-default-light": {
      "version": "0.21.0",
      "resolved": "https://registry.npmjs.org/@swirly/theme-default-light/-/theme-default-light-0.21.0.tgz",
      "integrity": "sha512-vWnoQzT6A+xOnXBT+12FzeGuh92uT5DmdAwpG1QROsEwxndOYjl+JN10SCrutG+ncBT9Hl6LnuYO4koj975IVg==",
      "license": "MIT",
      "dependencies": {
        "@swirly/theme-default-base": "^0.21.0"
      },
      "engines": {
        "node": ">=14.13.1"
      },
      "funding": {
        "type": "github",
        "url": "https://github.com/sponsors/timdp"
      }
    },
    "node_modules/@xmldom/xmldom": {
      "version": "0.8.10",
      "resolved": "https://registry.npmjs.org/@xmldom/xmldom/-/xmldom-0.8.10.tgz",
      "integrity": "sha512-2WALfTl4xo2SkGCYRt6rDTFfk9R1czmBvUQy12gK2KuRKIpWEhcbbzy8EZXtz/jkRqHX8bFEc6FC1HjX4TUWYw==",
      "license": "MIT",
      "engines": {
        "node": ">=10.0.0"
      }
    },
    "node_modules/queue-microtask": {
      "version": "1.2.3",
      "resolved": "https://registry.npmjs.org/queue-microtask/-/queue-microtask-1.2.3.tgz",
      "integrity": "sha512-NuaNSa6flKT5JaSYQzJok04JzTL1CA6aGhv5rfLW3PgqA+M2ChpZQnAC8h8i4ZFkBS8X5RqkDBHA7r4hej3K9A==",
      "funding": [
        {
          "type": "github",
          "url": "https://github.com/sponsors/feross"
        },
        {
          "type": "patreon",
          "url": "https://www.patreon.com/feross"
        },
        {
          "type": "consulting",
          "url": "https://feross.org/support"
        }
      ],
      "license": "MIT"
    },
    "node_modules/rusha": {
      "version": "0.8.14",
      "resolved": "https://registry.npmjs.org/rusha/-/rusha-0.8.14.tgz",
      "integrity": "sha512-cLgakCUf6PedEu15t8kbsjnwIFFR2D4RfL+W3iWFJ4iac7z4B0ZI8fxy4R3J956kAI68HclCFGL8MPoUVC3qVA==",
      "license": "MIT"
    },
    "node_modules/simple-sha1": {
      "version": "3.1.0",
      "resolved": "https://registry.npmjs.org/simple-sha1/-/simple-sha1-3.1.0.tgz",
      "integrity": "sha512-ArTptMRC1v08H8ihPD6l0wesKvMfF9e8XL5rIHPanI7kGOsSsbY514MwVu6X1PITHCTB2F08zB7cyEbfc4wQjg==",
      "license": "MIT",
      "dependencies": {
        "queue-microtask": "^1.2.2",
        "rusha": "^0.8.13"
      }
    }
  }
}
